
Microsoft Visual Studio Solution File, Format Version 12.00
# Visual Studio Version 17
VisualStudioVersion = 17.1.32407.343
MinimumVisualStudioVersion = 10.0.40219.1
Project("{FAE04EC0-301F-11D3-BF4B-00C04F79EFBC}") = "Calculator", "Calculator.csproj", "{6A6B47FD-4CEA-4FB0-BB33-B9B653F584B3}"
EndProject
Global
	GlobalSection(SolutionConfigurationPlatforms) = preSolution
		Debug|Any CPU = Debug|Any CPU
		Release|Any CPU = Release|Any CPU
	EndGlobalSection
	GlobalSection(ProjectConfigurationPlatforms) = postSolution
		{6A6B47FD-4CEA-4FB0-BB33-B9B653F584B3}.Debug|Any CPU.ActiveCfg = Debug|Any CPU
		{6A6B47FD-4CEA-4FB0-BB33-B9B653F584B3}.Debug|Any CPU.Build.0 = Debug|Any CPU
		{6A6B47FD-4CEA-4FB0-BB33-B9B653F584B3}.Release|Any CPU.ActiveCfg = Release|Any CPU
		{6A6B47FD-4CEA-4FB0-BB33-B9B653F584B3}.Release|Any CPU.Build.0 = Release|Any CPU
	EndGlobalSection
	GlobalSection(SolutionProperties) = preSolution
		HideSolutionNode = FALSE
	EndGlobalSection
	GlobalSection(ExtensibilityGlobals) = postSolution
		SolutionGuid = {3A653B38-23FF-4400-BB3E-5A516A2AE559}
	EndGlobalSection
EndGlobal
